
Microsoft Visual Studio Solution File, Format Version 12.00
# Visual Studio Version 17
VisualStudioVersion = 17.13.35913.81
MinimumVisualStudioVersion = 10.0.40219.1
Project("{FAE04EC0-301F-11D3-BF4B-00C04F79EFBC}") = "Delegates", "Delegates\Delegates.csproj", "{A584DF29-3C43-4078-9CCF-37DE6111E754}"
EndProject
Project("{FAE04EC0-301F-11D3-BF4B-00C04F79EFBC}") = "Events", "..\Events\Events.csproj", "{18972B87-A516-4E50-A56E-D9AD46472AD6}"
EndProject
Global
	GlobalSection(SolutionConfigurationPlatforms) = preSolution
		Debug|Any CPU = Debug|Any CPU
		Release|Any CPU = Release|Any CPU
	EndGlobalSection
	GlobalSection(ProjectConfigurationPlatforms) = postSolution
		{A584DF29-3C43-4078-9CCF-37DE6111E754}.Debug|Any CPU.ActiveCfg = Debug|Any CPU
		{A584DF29-3C43-4078-9CCF-37DE6111E754}.Debug|Any CPU.Build.0 = Debug|Any CPU
		{A584DF29-3C43-4078-9CCF-37DE6111E754}.Release|Any CPU.ActiveCfg = Release|Any CPU
		{A584DF29-3C43-4078-9CCF-37DE6111E754}.Release|Any CPU.Build.0 = Release|Any CPU
		{18972B87-A516-4E50-A56E-D9AD46472AD6}.Debug|Any CPU.ActiveCfg = Debug|Any CPU
		{18972B87-A516-4E50-A56E-D9AD46472AD6}.Debug|Any CPU.Build.0 = Debug|Any CPU
		{18972B87-A516-4E50-A56E-D9AD46472AD6}.Release|Any CPU.ActiveCfg = Release|Any CPU
		{18972B87-A516-4E50-A56E-D9AD46472AD6}.Release|Any CPU.Build.0 = Release|Any CPU
	EndGlobalSection
	GlobalSection(SolutionProperties) = preSolution
		HideSolutionNode = FALSE
	EndGlobalSection
	GlobalSection(ExtensibilityGlobals) = postSolution
		SolutionGuid = {813CC9B4-A2F4-40D9-8768-4BDC2ADDF477}
	EndGlobalSection
EndGlobal
