
Microsoft Visual Studio Solution File, Format Version 12.00
# Visual Studio Version 17
VisualStudioVersion = 17.13.35818.85
MinimumVisualStudioVersion = 10.0.40219.1
Project("{FAE04EC0-301F-11D3-BF4B-00C04F79EFBC}") = "class03", "class03\class03.csproj", "{D8DAB4AD-D151-455D-AFB0-50F72BA86054}"
EndProject
Project("{FAE04EC0-301F-11D3-BF4B-00C04F79EFBC}") = "Polymorphism", "Polymorphism\Polymorphism.csproj", "{355CDC01-48B8-4A14-940D-8F0E5A00943F}"
EndProject
Project("{FAE04EC0-301F-11D3-BF4B-00C04F79EFBC}") = "Exercise01", "Exercise01\Exercise01.csproj", "{36D60CBB-402F-4064-B3AF-11732C107788}"
EndProject
<<<<<<< Updated upstream
Project("{FAE04EC0-301F-11D3-BF4B-00C04F79EFBC}") = "homework2", "homework2\homework2.csproj", "{10544DED-B056-4351-9090-714CF5872289}"
=======
Project("{FAE04EC0-301F-11D3-BF4B-00C04F79EFBC}") = "Homework03", "Homework03\Homework03.csproj", "{3B7F68F7-8FB2-43E4-9072-45ACA23BE0AA}"
>>>>>>> Stashed changes
EndProject
Global
	GlobalSection(SolutionConfigurationPlatforms) = preSolution
		Debug|Any CPU = Debug|Any CPU
		Release|Any CPU = Release|Any CPU
	EndGlobalSection
	GlobalSection(ProjectConfigurationPlatforms) = postSolution
		{D8DAB4AD-D151-455D-AFB0-50F72BA86054}.Debug|Any CPU.ActiveCfg = Debug|Any CPU
		{D8DAB4AD-D151-455D-AFB0-50F72BA86054}.Debug|Any CPU.Build.0 = Debug|Any CPU
		{D8DAB4AD-D151-455D-AFB0-50F72BA86054}.Release|Any CPU.ActiveCfg = Release|Any CPU
		{D8DAB4AD-D151-455D-AFB0-50F72BA86054}.Release|Any CPU.Build.0 = Release|Any CPU
		{355CDC01-48B8-4A14-940D-8F0E5A00943F}.Debug|Any CPU.ActiveCfg = Debug|Any CPU
		{355CDC01-48B8-4A14-940D-8F0E5A00943F}.Debug|Any CPU.Build.0 = Debug|Any CPU
		{355CDC01-48B8-4A14-940D-8F0E5A00943F}.Release|Any CPU.ActiveCfg = Release|Any CPU
		{355CDC01-48B8-4A14-940D-8F0E5A00943F}.Release|Any CPU.Build.0 = Release|Any CPU
		{36D60CBB-402F-4064-B3AF-11732C107788}.Debug|Any CPU.ActiveCfg = Debug|Any CPU
		{36D60CBB-402F-4064-B3AF-11732C107788}.Debug|Any CPU.Build.0 = Debug|Any CPU
		{36D60CBB-402F-4064-B3AF-11732C107788}.Release|Any CPU.ActiveCfg = Release|Any CPU
		{36D60CBB-402F-4064-B3AF-11732C107788}.Release|Any CPU.Build.0 = Release|Any CPU
<<<<<<< Updated upstream
		{10544DED-B056-4351-9090-714CF5872289}.Debug|Any CPU.ActiveCfg = Debug|Any CPU
		{10544DED-B056-4351-9090-714CF5872289}.Debug|Any CPU.Build.0 = Debug|Any CPU
		{10544DED-B056-4351-9090-714CF5872289}.Release|Any CPU.ActiveCfg = Release|Any CPU
		{10544DED-B056-4351-9090-714CF5872289}.Release|Any CPU.Build.0 = Release|Any CPU
=======
		{3B7F68F7-8FB2-43E4-9072-45ACA23BE0AA}.Debug|Any CPU.ActiveCfg = Debug|Any CPU
		{3B7F68F7-8FB2-43E4-9072-45ACA23BE0AA}.Debug|Any CPU.Build.0 = Debug|Any CPU
		{3B7F68F7-8FB2-43E4-9072-45ACA23BE0AA}.Release|Any CPU.ActiveCfg = Release|Any CPU
		{3B7F68F7-8FB2-43E4-9072-45ACA23BE0AA}.Release|Any CPU.Build.0 = Release|Any CPU
>>>>>>> Stashed changes
	EndGlobalSection
	GlobalSection(SolutionProperties) = preSolution
		HideSolutionNode = FALSE
	EndGlobalSection
	GlobalSection(ExtensibilityGlobals) = postSolution
		SolutionGuid = {CFE5EA98-30CE-49D3-8EB4-BD0761A193DB}
	EndGlobalSection
EndGlobal
