
Microsoft Visual Studio Solution File, Format Version 12.00
# Visual Studio Version 17
VisualStudioVersion = 17.13.35913.81
MinimumVisualStudioVersion = 10.0.40219.1
Project("{FAE04EC0-301F-11D3-BF4B-00C04F79EFBC}") = "staticclasses", "class03\staticclasses.csproj", "{6475C6D9-2E52-489E-983A-E58440DBE49B}"
EndProject
Project("{FAE04EC0-301F-11D3-BF4B-00C04F79EFBC}") = "Polymorphisam", "Polymorphisam\Polymorphisam.csproj", "{420605A3-03FF-4FCA-8433-BCBFF1181149}"
EndProject
Project("{FAE04EC0-301F-11D3-BF4B-00C04F79EFBC}") = "exercises01", "exercises01\exercises01.csproj", "{C24C589D-F955-4DEC-8FFF-42733B08B914}"
EndProject
Global
	GlobalSection(SolutionConfigurationPlatforms) = preSolution
		Debug|Any CPU = Debug|Any CPU
		Release|Any CPU = Release|Any CPU
	EndGlobalSection
	GlobalSection(ProjectConfigurationPlatforms) = postSolution
		{6475C6D9-2E52-489E-983A-E58440DBE49B}.Debug|Any CPU.ActiveCfg = Debug|Any CPU
		{6475C6D9-2E52-489E-983A-E58440DBE49B}.Debug|Any CPU.Build.0 = Debug|Any CPU
		{6475C6D9-2E52-489E-983A-E58440DBE49B}.Release|Any CPU.ActiveCfg = Release|Any CPU
		{6475C6D9-2E52-489E-983A-E58440DBE49B}.Release|Any CPU.Build.0 = Release|Any CPU
		{420605A3-03FF-4FCA-8433-BCBFF1181149}.Debug|Any CPU.ActiveCfg = Debug|Any CPU
		{420605A3-03FF-4FCA-8433-BCBFF1181149}.Debug|Any CPU.Build.0 = Debug|Any CPU
		{420605A3-03FF-4FCA-8433-BCBFF1181149}.Release|Any CPU.ActiveCfg = Release|Any CPU
		{420605A3-03FF-4FCA-8433-BCBFF1181149}.Release|Any CPU.Build.0 = Release|Any CPU
		{C24C589D-F955-4DEC-8FFF-42733B08B914}.Debug|Any CPU.ActiveCfg = Debug|Any CPU
		{C24C589D-F955-4DEC-8FFF-42733B08B914}.Debug|Any CPU.Build.0 = Debug|Any CPU
		{C24C589D-F955-4DEC-8FFF-42733B08B914}.Release|Any CPU.ActiveCfg = Release|Any CPU
		{C24C589D-F955-4DEC-8FFF-42733B08B914}.Release|Any CPU.Build.0 = Release|Any CPU
	EndGlobalSection
	GlobalSection(SolutionProperties) = preSolution
		HideSolutionNode = FALSE
	EndGlobalSection
	GlobalSection(ExtensibilityGlobals) = postSolution
		SolutionGuid = {3951FAA5-D9AC-46B4-8838-AC52FA3FD8EE}
	EndGlobalSection
EndGlobal
