
Microsoft Visual Studio Solution File, Format Version 12.00
# Visual Studio Version 17
VisualStudioVersion = 17.14.36109.1 d17.14
MinimumVisualStudioVersion = 10.0.40219.1
Project("{FAE04EC0-301F-11D3-BF4B-00C04F79EFBC}") = "class08", "class08\class08.csproj", "{FAD185E6-77B2-48A0-91DD-EB6E4BA4BFA9}"
EndProject
Global
	GlobalSection(SolutionConfigurationPlatforms) = preSolution
		Debug|Any CPU = Debug|Any CPU
		Release|Any CPU = Release|Any CPU
	EndGlobalSection
	GlobalSection(ProjectConfigurationPlatforms) = postSolution
		{FAD185E6-77B2-48A0-91DD-EB6E4BA4BFA9}.Debug|Any CPU.ActiveCfg = Debug|Any CPU
		{FAD185E6-77B2-48A0-91DD-EB6E4BA4BFA9}.Debug|Any CPU.Build.0 = Debug|Any CPU
		{FAD185E6-77B2-48A0-91DD-EB6E4BA4BFA9}.Release|Any CPU.ActiveCfg = Release|Any CPU
		{FAD185E6-77B2-48A0-91DD-EB6E4BA4BFA9}.Release|Any CPU.Build.0 = Release|Any CPU
	EndGlobalSection
	GlobalSection(SolutionProperties) = preSolution
		HideSolutionNode = FALSE
	EndGlobalSection
	GlobalSection(ExtensibilityGlobals) = postSolution
		SolutionGuid = {92E9E01C-87FE-4D27-93FB-331BAC9D972E}
	EndGlobalSection
EndGlobal
