
Microsoft Visual Studio Solution File, Format Version 12.00
# Visual Studio Version 17
VisualStudioVersion = 17.14.36127.28 d17.14
MinimumVisualStudioVersion = 10.0.40219.1
Project("{FAE04EC0-301F-11D3-BF4B-00C04F79EFBC}") = "threads", "threads\threads.csproj", "{AC61034C-4FEC-4C75-BBA7-AB9B83A3AADA}"
EndProject
Project("{FAE04EC0-301F-11D3-BF4B-00C04F79EFBC}") = "tasks", "tasks\tasks.csproj", "{FAFA2EFC-DE9E-4C2A-87C1-3B8AD63FE97E}"
EndProject
Project("{FAE04EC0-301F-11D3-BF4B-00C04F79EFBC}") = "asyncawait", "asyncawait\asyncawait.csproj", "{B4EA7E7A-42C5-4E8B-BD84-736EB473E178}"
EndProject
Global
	GlobalSection(SolutionConfigurationPlatforms) = preSolution
		Debug|Any CPU = Debug|Any CPU
		Release|Any CPU = Release|Any CPU
	EndGlobalSection
	GlobalSection(ProjectConfigurationPlatforms) = postSolution
		{AC61034C-4FEC-4C75-BBA7-AB9B83A3AADA}.Debug|Any CPU.ActiveCfg = Debug|Any CPU
		{AC61034C-4FEC-4C75-BBA7-AB9B83A3AADA}.Debug|Any CPU.Build.0 = Debug|Any CPU
		{AC61034C-4FEC-4C75-BBA7-AB9B83A3AADA}.Release|Any CPU.ActiveCfg = Release|Any CPU
		{AC61034C-4FEC-4C75-BBA7-AB9B83A3AADA}.Release|Any CPU.Build.0 = Release|Any CPU
		{FAFA2EFC-DE9E-4C2A-87C1-3B8AD63FE97E}.Debug|Any CPU.ActiveCfg = Debug|Any CPU
		{FAFA2EFC-DE9E-4C2A-87C1-3B8AD63FE97E}.Debug|Any CPU.Build.0 = Debug|Any CPU
		{FAFA2EFC-DE9E-4C2A-87C1-3B8AD63FE97E}.Release|Any CPU.ActiveCfg = Release|Any CPU
		{FAFA2EFC-DE9E-4C2A-87C1-3B8AD63FE97E}.Release|Any CPU.Build.0 = Release|Any CPU
		{B4EA7E7A-42C5-4E8B-BD84-736EB473E178}.Debug|Any CPU.ActiveCfg = Debug|Any CPU
		{B4EA7E7A-42C5-4E8B-BD84-736EB473E178}.Debug|Any CPU.Build.0 = Debug|Any CPU
		{B4EA7E7A-42C5-4E8B-BD84-736EB473E178}.Release|Any CPU.ActiveCfg = Release|Any CPU
		{B4EA7E7A-42C5-4E8B-BD84-736EB473E178}.Release|Any CPU.Build.0 = Release|Any CPU
	EndGlobalSection
	GlobalSection(SolutionProperties) = preSolution
		HideSolutionNode = FALSE
	EndGlobalSection
	GlobalSection(ExtensibilityGlobals) = postSolution
		SolutionGuid = {3DA43922-1C6E-4CC4-AFC9-247509D71627}
	EndGlobalSection
EndGlobal
